
Microsoft Visual Studio Solution File, Format Version 12.00
# Visual Studio 14
VisualStudioVersion = 14.0.25420.1
MinimumVisualStudioVersion = 10.0.40219.1
Project("{FAE04EC0-301F-11D3-BF4B-00C04F79EFBC}") = "ACEManager", "ACEManager\ACEManager.csproj", "{941BBA9F-D1CD-4981-BFAF-BC9BF941AAF5}"
EndProject
Project("{2150E333-8FDC-42A3-9474-1A3956D46DE8}") = "root", "root", "{8E903F52-E87C-46AF-B402-BDF0CE743AD8}"
	ProjectSection(SolutionItems) = preProject
		TextFile1.txt = TextFile1.txt
	EndProjectSection
EndProject
Project("{2150E333-8FDC-42A3-9474-1A3956D46DE8}") = "Source", "Source", "{45C18900-34B5-4193-A69C-7DD519D254C0}"
EndProject
Global
	GlobalSection(SolutionConfigurationPlatforms) = preSolution
		Debug|Any CPU = Debug|Any CPU
		Release|Any CPU = Release|Any CPU
	EndGlobalSection
	GlobalSection(ProjectConfigurationPlatforms) = postSolution
		{941BBA9F-D1CD-4981-BFAF-BC9BF941AAF5}.Debug|Any CPU.ActiveCfg = Debug|Any CPU
		{941BBA9F-D1CD-4981-BFAF-BC9BF941AAF5}.Debug|Any CPU.Build.0 = Debug|Any CPU
		{941BBA9F-D1CD-4981-BFAF-BC9BF941AAF5}.Release|Any CPU.ActiveCfg = Release|Any CPU
		{941BBA9F-D1CD-4981-BFAF-BC9BF941AAF5}.Release|Any CPU.Build.0 = Release|Any CPU
	EndGlobalSection
	GlobalSection(SolutionProperties) = preSolution
		HideSolutionNode = FALSE
	EndGlobalSection
	GlobalSection(NestedProjects) = preSolution
		{941BBA9F-D1CD-4981-BFAF-BC9BF941AAF5} = {45C18900-34B5-4193-A69C-7DD519D254C0}
	EndGlobalSection
EndGlobal
